// !$*UTF8*$!
{
	archiveVersion = 1;
	classes = {
	};
	objectVersion = 46;
	objects = {

/* Begin PBXBuildFile section */
		6852B0A01D87D5DE00B68763 /* main.m in Sources */ = {isa = PBXBuildFile; fileRef = 6852B09F1D87D5DE00B68763 /* main.m */; };
		6852B0A31D87D5DE00B68763 /* AppDelegate.m in Sources */ = {isa = PBXBuildFile; fileRef = 6852B0A21D87D5DE00B68763 /* AppDelegate.m */; };
		6852B0A61D87D5DE00B68763 /* ViewController.m in Sources */ = {isa = PBXBuildFile; fileRef = 6852B0A51D87D5DE00B68763 /* ViewController.m */; };
		6852B0A91D87D5DE00B68763 /* Main.storyboard in Resources */ = {isa = PBXBuildFile; fileRef = 6852B0A71D87D5DE00B68763 /* Main.storyboard */; };
		6852B0AB1D87D5DE00B68763 /* Assets.xcassets in Resources */ = {isa = PBXBuildFile; fileRef = 6852B0AA1D87D5DE00B68763 /* Assets.xcassets */; };
		6852B0AE1D87D5DE00B68763 /* LaunchScreen.storyboard in Resources */ = {isa = PBXBuildFile; fileRef = 6852B0AC1D87D5DE00B68763 /* LaunchScreen.storyboard */; };
		6852B0B91D87D5DE00B68763 /* AppChatTests.m in Sources */ = {isa = PBXBuildFile; fileRef = 6852B0B81D87D5DE00B68763 /* AppChatTests.m */; };
		6852B0C41D87D5DE00B68763 /* AppChatUITests.m in Sources */ = {isa = PBXBuildFile; fileRef = 6852B0C31D87D5DE00B68763 /* AppChatUITests.m */; };
		B1137DF1FB6445BA93E01A8A /* Pods_AppChat.framework in Frameworks */ = {isa = PBXBuildFile; fileRef = ED3F2686AB55589CC98F8DDD /* Pods_AppChat.framework */; };
		CA1F7F981D8BC5F200E95EE6 /* RoomListVC.m in Sources */ = {isa = PBXBuildFile; fileRef = CA1F7F971D8BC5F200E95EE6 /* RoomListVC.m */; };
		CA1F7F9C1D8BCC2800E95EE6 /* RoomLeftCell.m in Sources */ = {isa = PBXBuildFile; fileRef = CA1F7F9B1D8BCC2800E95EE6 /* RoomLeftCell.m */; };
		CA1F7F9F1D8BCC3700E95EE6 /* RoomRightCell.m in Sources */ = {isa = PBXBuildFile; fileRef = CA1F7F9E1D8BCC3700E95EE6 /* RoomRightCell.m */; };
		CA22DCBE1D88586000D6F7C0 /* LoginDto.m in Sources */ = {isa = PBXBuildFile; fileRef = CA22DCBD1D88586000D6F7C0 /* LoginDto.m */; };
		CA22DCC11D88586B00D6F7C0 /* SignDto.m in Sources */ = {isa = PBXBuildFile; fileRef = CA22DCC01D88586B00D6F7C0 /* SignDto.m */; };
		CA22DCC41D88587600D6F7C0 /* UserDto.m in Sources */ = {isa = PBXBuildFile; fileRef = CA22DCC31D88587600D6F7C0 /* UserDto.m */; };
		CA22DCC71D88588000D6F7C0 /* API.m in Sources */ = {isa = PBXBuildFile; fileRef = CA22DCC61D88588000D6F7C0 /* API.m */; };
		CAED0B421D8A45E500C553B6 /* RoomDto.m in Sources */ = {isa = PBXBuildFile; fileRef = CAED0B411D8A45E500C553B6 /* RoomDto.m */; };
		CAEF5FCD1D8A9B5D001E51C0 /* RegisterFinishVC.m in Sources */ = {isa = PBXBuildFile; fileRef = CAEF5FCC1D8A9B5D001E51C0 /* RegisterFinishVC.m */; };
		CAF28AC11D8A7A5800B76E8A /* LoginVC.m in Sources */ = {isa = PBXBuildFile; fileRef = CAF28AC01D8A7A5800B76E8A /* LoginVC.m */; };
		CAF28AC51D8A7A7F00B76E8A /* RegisterVC.m in Sources */ = {isa = PBXBuildFile; fileRef = CAF28AC41D8A7A7F00B76E8A /* RegisterVC.m */; };
		CAF28ACA1D8A897000B76E8A /* activityView.xib in Resources */ = {isa = PBXBuildFile; fileRef = CAF28AC71D8A897000B76E8A /* activityView.xib */; };
		CAF28ACB1D8A897000B76E8A /* activityViewController.m in Sources */ = {isa = PBXBuildFile; fileRef = CAF28AC91D8A897000B76E8A /* activityViewController.m */; };
/* End PBXBuildFile section */

/* Begin PBXContainerItemProxy section */
		6852B0B51D87D5DE00B68763 /* PBXContainerItemProxy */ = {
			isa = PBXContainerItemProxy;
			containerPortal = 6852B0931D87D5DE00B68763 /* Project object */;
			proxyType = 1;
			remoteGlobalIDString = 6852B09A1D87D5DE00B68763;
			remoteInfo = AppChat;
		};
		6852B0C01D87D5DE00B68763 /* PBXContainerItemProxy */ = {
			isa = PBXContainerItemProxy;
			containerPortal = 6852B0931D87D5DE00B68763 /* Project object */;
			proxyType = 1;
			remoteGlobalIDString = 6852B09A1D87D5DE00B68763;
			remoteInfo = AppChat;
		};
/* End PBXContainerItemProxy section */

/* Begin PBXFileReference section */
		544D313EBB96CC1C108D8DBD /* Pods-AppChat.release.xcconfig */ = {isa = PBXFileReference; includeInIndex = 1; lastKnownFileType = text.xcconfig; name = "Pods-AppChat.release.xcconfig"; path = "Pods/Target Support Files/Pods-AppChat/Pods-AppChat.release.xcconfig"; sourceTree = "<group>"; };
		5ABC0129351A78D62263C624 /* Pods-AppChat.debug.xcconfig */ = {isa = PBXFileReference; includeInIndex = 1; lastKnownFileType = text.xcconfig; name = "Pods-AppChat.debug.xcconfig"; path = "Pods/Target Support Files/Pods-AppChat/Pods-AppChat.debug.xcconfig"; sourceTree = "<group>"; };
		6852B09B1D87D5DE00B68763 /* AppChat.app */ = {isa = PBXFileReference; explicitFileType = wrapper.application; includeInIndex = 0; path = AppChat.app; sourceTree = BUILT_PRODUCTS_DIR; };
		6852B09F1D87D5DE00B68763 /* main.m */ = {isa = PBXFileReference; lastKnownFileType = sourcecode.c.objc; path = main.m; sourceTree = "<group>"; };
		6852B0A11D87D5DE00B68763 /* AppDelegate.h */ = {isa = PBXFileReference; lastKnownFileType = sourcecode.c.h; name = AppDelegate.h; path = ../AppDelegate.h; sourceTree = "<group>"; };
		6852B0A21D87D5DE00B68763 /* AppDelegate.m */ = {isa = PBXFileReference; lastKnownFileType = sourcecode.c.objc; name = AppDelegate.m; path = ../AppDelegate.m; sourceTree = "<group>"; };
		6852B0A41D87D5DE00B68763 /* ViewController.h */ = {isa = PBXFileReference; lastKnownFileType = sourcecode.c.h; name = ViewController.h; path = ../ViewController.h; sourceTree = "<group>"; };
		6852B0A51D87D5DE00B68763 /* ViewController.m */ = {isa = PBXFileReference; lastKnownFileType = sourcecode.c.objc; name = ViewController.m; path = ../ViewController.m; sourceTree = "<group>"; };
		6852B0A81D87D5DE00B68763 /* Base */ = {isa = PBXFileReference; lastKnownFileType = file.storyboard; name = Base; path = Base.lproj/Main.storyboard; sourceTree = "<group>"; };
		6852B0AA1D87D5DE00B68763 /* Assets.xcassets */ = {isa = PBXFileReference; lastKnownFileType = folder.assetcatalog; path = Assets.xcassets; sourceTree = "<group>"; };
		6852B0AD1D87D5DE00B68763 /* Base */ = {isa = PBXFileReference; lastKnownFileType = file.storyboard; name = Base; path = Base.lproj/LaunchScreen.storyboard; sourceTree = "<group>"; };
		6852B0AF1D87D5DE00B68763 /* Info.plist */ = {isa = PBXFileReference; lastKnownFileType = text.plist.xml; path = Info.plist; sourceTree = "<group>"; };
		6852B0B41D87D5DE00B68763 /* AppChatTests.xctest */ = {isa = PBXFileReference; explicitFileType = wrapper.cfbundle; includeInIndex = 0; path = AppChatTests.xctest; sourceTree = BUILT_PRODUCTS_DIR; };
		6852B0B81D87D5DE00B68763 /* AppChatTests.m */ = {isa = PBXFileReference; lastKnownFileType = sourcecode.c.objc; path = AppChatTests.m; sourceTree = "<group>"; };
		6852B0BA1D87D5DE00B68763 /* Info.plist */ = {isa = PBXFileReference; lastKnownFileType = text.plist.xml; path = Info.plist; sourceTree = "<group>"; };
		6852B0BF1D87D5DE00B68763 /* AppChatUITests.xctest */ = {isa = PBXFileReference; explicitFileType = wrapper.cfbundle; includeInIndex = 0; path = AppChatUITests.xctest; sourceTree = BUILT_PRODUCTS_DIR; };
		6852B0C31D87D5DE00B68763 /* AppChatUITests.m */ = {isa = PBXFileReference; lastKnownFileType = sourcecode.c.objc; path = AppChatUITests.m; sourceTree = "<group>"; };
		6852B0C51D87D5DE00B68763 /* Info.plist */ = {isa = PBXFileReference; lastKnownFileType = text.plist.xml; path = Info.plist; sourceTree = "<group>"; };
		CA1F7F961D8BC5F200E95EE6 /* RoomListVC.h */ = {isa = PBXFileReference; fileEncoding = 4; lastKnownFileType = sourcecode.c.h; path = RoomListVC.h; sourceTree = "<group>"; };
		CA1F7F971D8BC5F200E95EE6 /* RoomListVC.m */ = {isa = PBXFileReference; fileEncoding = 4; lastKnownFileType = sourcecode.c.objc; path = RoomListVC.m; sourceTree = "<group>"; };
		CA1F7F9A1D8BCC2800E95EE6 /* RoomLeftCell.h */ = {isa = PBXFileReference; fileEncoding = 4; lastKnownFileType = sourcecode.c.h; path = RoomLeftCell.h; sourceTree = "<group>"; };
		CA1F7F9B1D8BCC2800E95EE6 /* RoomLeftCell.m */ = {isa = PBXFileReference; fileEncoding = 4; lastKnownFileType = sourcecode.c.objc; path = RoomLeftCell.m; sourceTree = "<group>"; };
		CA1F7F9D1D8BCC3700E95EE6 /* RoomRightCell.h */ = {isa = PBXFileReference; fileEncoding = 4; lastKnownFileType = sourcecode.c.h; path = RoomRightCell.h; sourceTree = "<group>"; };
		CA1F7F9E1D8BCC3700E95EE6 /* RoomRightCell.m */ = {isa = PBXFileReference; fileEncoding = 4; lastKnownFileType = sourcecode.c.objc; path = RoomRightCell.m; sourceTree = "<group>"; };
		CA22DCBC1D88586000D6F7C0 /* LoginDto.h */ = {isa = PBXFileReference; fileEncoding = 4; lastKnownFileType = sourcecode.c.h; path = LoginDto.h; sourceTree = "<group>"; };
		CA22DCBD1D88586000D6F7C0 /* LoginDto.m */ = {isa = PBXFileReference; fileEncoding = 4; lastKnownFileType = sourcecode.c.objc; path = LoginDto.m; sourceTree = "<group>"; };
		CA22DCBF1D88586B00D6F7C0 /* SignDto.h */ = {isa = PBXFileReference; fileEncoding = 4; lastKnownFileType = sourcecode.c.h; path = SignDto.h; sourceTree = "<group>"; };
		CA22DCC01D88586B00D6F7C0 /* SignDto.m */ = {isa = PBXFileReference; fileEncoding = 4; lastKnownFileType = sourcecode.c.objc; path = SignDto.m; sourceTree = "<group>"; };
		CA22DCC21D88587600D6F7C0 /* UserDto.h */ = {isa = PBXFileReference; fileEncoding = 4; lastKnownFileType = sourcecode.c.h; path = UserDto.h; sourceTree = "<group>"; };
		CA22DCC31D88587600D6F7C0 /* UserDto.m */ = {isa = PBXFileReference; fileEncoding = 4; lastKnownFileType = sourcecode.c.objc; path = UserDto.m; sourceTree = "<group>"; };
		CA22DCC51D88588000D6F7C0 /* API.h */ = {isa = PBXFileReference; fileEncoding = 4; lastKnownFileType = sourcecode.c.h; path = API.h; sourceTree = "<group>"; };
		CA22DCC61D88588000D6F7C0 /* API.m */ = {isa = PBXFileReference; fileEncoding = 4; lastKnownFileType = sourcecode.c.objc; path = API.m; sourceTree = "<group>"; };
		CAED0B401D8A45E500C553B6 /* RoomDto.h */ = {isa = PBXFileReference; fileEncoding = 4; lastKnownFileType = sourcecode.c.h; path = RoomDto.h; sourceTree = "<group>"; };
		CAED0B411D8A45E500C553B6 /* RoomDto.m */ = {isa = PBXFileReference; fileEncoding = 4; lastKnownFileType = sourcecode.c.objc; path = RoomDto.m; sourceTree = "<group>"; };
		CAEF5FCB1D8A9B5D001E51C0 /* RegisterFinishVC.h */ = {isa = PBXFileReference; fileEncoding = 4; lastKnownFileType = sourcecode.c.h; path = RegisterFinishVC.h; sourceTree = "<group>"; };
		CAEF5FCC1D8A9B5D001E51C0 /* RegisterFinishVC.m */ = {isa = PBXFileReference; fileEncoding = 4; lastKnownFileType = sourcecode.c.objc; path = RegisterFinishVC.m; sourceTree = "<group>"; };
		CAF28ABF1D8A7A5800B76E8A /* LoginVC.h */ = {isa = PBXFileReference; fileEncoding = 4; lastKnownFileType = sourcecode.c.h; path = LoginVC.h; sourceTree = "<group>"; };
		CAF28AC01D8A7A5800B76E8A /* LoginVC.m */ = {isa = PBXFileReference; fileEncoding = 4; lastKnownFileType = sourcecode.c.objc; path = LoginVC.m; sourceTree = "<group>"; };
		CAF28AC31D8A7A7F00B76E8A /* RegisterVC.h */ = {isa = PBXFileReference; fileEncoding = 4; lastKnownFileType = sourcecode.c.h; path = RegisterVC.h; sourceTree = "<group>"; };
		CAF28AC41D8A7A7F00B76E8A /* RegisterVC.m */ = {isa = PBXFileReference; fileEncoding = 4; lastKnownFileType = sourcecode.c.objc; path = RegisterVC.m; sourceTree = "<group>"; };
		CAF28AC71D8A897000B76E8A /* activityView.xib */ = {isa = PBXFileReference; fileEncoding = 4; lastKnownFileType = file.xib; path = activityView.xib; sourceTree = "<group>"; };
		CAF28AC81D8A897000B76E8A /* activityViewController.h */ = {isa = PBXFileReference; fileEncoding = 4; lastKnownFileType = sourcecode.c.h; path = activityViewController.h; sourceTree = "<group>"; };
		CAF28AC91D8A897000B76E8A /* activityViewController.m */ = {isa = PBXFileReference; fileEncoding = 4; lastKnownFileType = sourcecode.c.objc; path = activityViewController.m; sourceTree = "<group>"; };
		ED3F2686AB55589CC98F8DDD /* Pods_AppChat.framework */ = {isa = PBXFileReference; explicitFileType = wrapper.framework; includeInIndex = 0; path = Pods_AppChat.framework; sourceTree = BUILT_PRODUCTS_DIR; };
/* End PBXFileReference section */

/* Begin PBXFrameworksBuildPhase section */
		6852B0981D87D5DE00B68763 /* Frameworks */ = {
			isa = PBXFrameworksBuildPhase;
			buildActionMask = 2147483647;
			files = (
				B1137DF1FB6445BA93E01A8A /* Pods_AppChat.framework in Frameworks */,
			);
			runOnlyForDeploymentPostprocessing = 0;
		};
		6852B0B11D87D5DE00B68763 /* Frameworks */ = {
			isa = PBXFrameworksBuildPhase;
			buildActionMask = 2147483647;
			files = (
			);
			runOnlyForDeploymentPostprocessing = 0;
		};
		6852B0BC1D87D5DE00B68763 /* Frameworks */ = {
			isa = PBXFrameworksBuildPhase;
			buildActionMask = 2147483647;
			files = (
			);
			runOnlyForDeploymentPostprocessing = 0;
		};
/* End PBXFrameworksBuildPhase section */

/* Begin PBXGroup section */
		06D351D01A9D1B50BB011BB0 /* Frameworks */ = {
			isa = PBXGroup;
			children = (
				ED3F2686AB55589CC98F8DDD /* Pods_AppChat.framework */,
			);
			name = Frameworks;
			sourceTree = "<group>";
		};
		6852B0921D87D5DE00B68763 = {
			isa = PBXGroup;
			children = (
				6852B09D1D87D5DE00B68763 /* AppChat */,
				6852B0B71D87D5DE00B68763 /* AppChatTests */,
				6852B0C21D87D5DE00B68763 /* AppChatUITests */,
				6852B09C1D87D5DE00B68763 /* Products */,
				B5AEB03CF842C7FEDA09831B /* Pods */,
				06D351D01A9D1B50BB011BB0 /* Frameworks */,
			);
			sourceTree = "<group>";
		};
		6852B09C1D87D5DE00B68763 /* Products */ = {
			isa = PBXGroup;
			children = (
				6852B09B1D87D5DE00B68763 /* AppChat.app */,
				6852B0B41D87D5DE00B68763 /* AppChatTests.xctest */,
				6852B0BF1D87D5DE00B68763 /* AppChatUITests.xctest */,
			);
			name = Products;
			sourceTree = "<group>";
		};
		6852B09D1D87D5DE00B68763 /* AppChat */ = {
			isa = PBXGroup;
			children = (
				CA2F1F171D87E26F00090C9A /* Modal */,
				CA2F1F181D87E26F00090C9A /* View */,
				CA2F1F161D87E25400090C9A /* Controller */,
				6852B0AA1D87D5DE00B68763 /* Assets.xcassets */,
				6852B0AF1D87D5DE00B68763 /* Info.plist */,
				6852B09E1D87D5DE00B68763 /* Supporting Files */,
			);
			path = AppChat;
			sourceTree = "<group>";
		};
		6852B09E1D87D5DE00B68763 /* Supporting Files */ = {
			isa = PBXGroup;
			children = (
				6852B09F1D87D5DE00B68763 /* main.m */,
			);
			name = "Supporting Files";
			sourceTree = "<group>";
		};
		6852B0B71D87D5DE00B68763 /* AppChatTests */ = {
			isa = PBXGroup;
			children = (
				6852B0B81D87D5DE00B68763 /* AppChatTests.m */,
				6852B0BA1D87D5DE00B68763 /* Info.plist */,
			);
			path = AppChatTests;
			sourceTree = "<group>";
		};
		6852B0C21D87D5DE00B68763 /* AppChatUITests */ = {
			isa = PBXGroup;
			children = (
				6852B0C31D87D5DE00B68763 /* AppChatUITests.m */,
				6852B0C51D87D5DE00B68763 /* Info.plist */,
			);
			path = AppChatUITests;
			sourceTree = "<group>";
		};
		B5AEB03CF842C7FEDA09831B /* Pods */ = {
			isa = PBXGroup;
			children = (
				5ABC0129351A78D62263C624 /* Pods-AppChat.debug.xcconfig */,
				544D313EBB96CC1C108D8DBD /* Pods-AppChat.release.xcconfig */,
			);
			name = Pods;
			sourceTree = "<group>";
		};
		CA1F7F951D8BC5E300E95EE6 /* RoomListVC */ = {
			isa = PBXGroup;
			children = (
				CA1F7F961D8BC5F200E95EE6 /* RoomListVC.h */,
				CA1F7F971D8BC5F200E95EE6 /* RoomListVC.m */,
			);
			path = RoomListVC;
			sourceTree = "<group>";
		};
		CA1F7F991D8BCC0C00E95EE6 /* RoomCell */ = {
			isa = PBXGroup;
			children = (
				CA1F7F9A1D8BCC2800E95EE6 /* RoomLeftCell.h */,
				CA1F7F9B1D8BCC2800E95EE6 /* RoomLeftCell.m */,
				CA1F7F9D1D8BCC3700E95EE6 /* RoomRightCell.h */,
				CA1F7F9E1D8BCC3700E95EE6 /* RoomRightCell.m */,
			);
			path = RoomCell;
			sourceTree = "<group>";
		};
		CA22DCB61D88580700D6F7C0 /* API */ = {
			isa = PBXGroup;
			children = (
				CA22DCC51D88588000D6F7C0 /* API.h */,
				CA22DCC61D88588000D6F7C0 /* API.m */,
			);
			path = API;
			sourceTree = "<group>";
		};
		CA22DCB91D88585100D6F7C0 /* LoginDto */ = {
			isa = PBXGroup;
			children = (
				CA22DCBC1D88586000D6F7C0 /* LoginDto.h */,
				CA22DCBD1D88586000D6F7C0 /* LoginDto.m */,
			);
			path = LoginDto;
			sourceTree = "<group>";
		};
		CA22DCBA1D88585100D6F7C0 /* SignDto */ = {
			isa = PBXGroup;
			children = (
				CA22DCBF1D88586B00D6F7C0 /* SignDto.h */,
				CA22DCC01D88586B00D6F7C0 /* SignDto.m */,
			);
			path = SignDto;
			sourceTree = "<group>";
		};
		CA22DCBB1D88585100D6F7C0 /* UserDto */ = {
			isa = PBXGroup;
			children = (
				CA22DCC21D88587600D6F7C0 /* UserDto.h */,
				CA22DCC31D88587600D6F7C0 /* UserDto.m */,
			);
			path = UserDto;
			sourceTree = "<group>";
		};
		CA2F1F161D87E25400090C9A /* Controller */ = {
			isa = PBXGroup;
			children = (
				CA1F7F951D8BC5E300E95EE6 /* RoomListVC */,
				CAF28AC21D8A7A7200B76E8A /* RegisterVC */,
				CAF28ABE1D8A7A5800B76E8A /* LoginVC */,
				6852B0A11D87D5DE00B68763 /* AppDelegate.h */,
				6852B0A21D87D5DE00B68763 /* AppDelegate.m */,
				6852B0A41D87D5DE00B68763 /* ViewController.h */,
				6852B0A51D87D5DE00B68763 /* ViewController.m */,
			);
			path = Controller;
			sourceTree = "<group>";
		};
		CA2F1F171D87E26F00090C9A /* Modal */ = {
			isa = PBXGroup;
			children = (
				CA22DCB91D88585100D6F7C0 /* LoginDto */,
				CA22DCBA1D88585100D6F7C0 /* SignDto */,
				CA22DCBB1D88585100D6F7C0 /* UserDto */,
				CAED0B3F1D8A45CF00C553B6 /* RoomDto */,
				CA22DCB61D88580700D6F7C0 /* API */,
			);
			path = Modal;
			sourceTree = SOURCE_ROOT;
		};
		CA2F1F181D87E26F00090C9A /* View */ = {
			isa = PBXGroup;
			children = (
				CA1F7F991D8BCC0C00E95EE6 /* RoomCell */,
				CAF28AC61D8A896500B76E8A /* ActitivityLoading */,
				6852B0A71D87D5DE00B68763 /* Main.storyboard */,
				6852B0AC1D87D5DE00B68763 /* LaunchScreen.storyboard */,
			);
			path = View;
			sourceTree = SOURCE_ROOT;
		};
		CAED0B3F1D8A45CF00C553B6 /* RoomDto */ = {
			isa = PBXGroup;
			children = (
				CAED0B401D8A45E500C553B6 /* RoomDto.h */,
				CAED0B411D8A45E500C553B6 /* RoomDto.m */,
			);
			name = RoomDto;
			path = API/RoomDto;
			sourceTree = "<group>";
		};
		CAF28ABE1D8A7A5800B76E8A /* LoginVC */ = {
			isa = PBXGroup;
			children = (
				CAF28ABF1D8A7A5800B76E8A /* LoginVC.h */,
				CAF28AC01D8A7A5800B76E8A /* LoginVC.m */,
			);
			path = LoginVC;
			sourceTree = "<group>";
		};
		CAF28AC21D8A7A7200B76E8A /* RegisterVC */ = {
			isa = PBXGroup;
			children = (
				CAF28AC31D8A7A7F00B76E8A /* RegisterVC.h */,
				CAF28AC41D8A7A7F00B76E8A /* RegisterVC.m */,
				CAEF5FCB1D8A9B5D001E51C0 /* RegisterFinishVC.h */,
				CAEF5FCC1D8A9B5D001E51C0 /* RegisterFinishVC.m */,
			);
			path = RegisterVC;
			sourceTree = "<group>";
		};
		CAF28AC61D8A896500B76E8A /* ActitivityLoading */ = {
			isa = PBXGroup;
			children = (
				CAF28AC71D8A897000B76E8A /* activityView.xib */,
				CAF28AC81D8A897000B76E8A /* activityViewController.h */,
				CAF28AC91D8A897000B76E8A /* activityViewController.m */,
			);
			path = ActitivityLoading;
			sourceTree = "<group>";
		};
/* End PBXGroup section */

/* Begin PBXNativeTarget section */
		6852B09A1D87D5DE00B68763 /* AppChat */ = {
			isa = PBXNativeTarget;
			buildConfigurationList = 6852B0C81D87D5DE00B68763 /* Build configuration list for PBXNativeTarget "AppChat" */;
			buildPhases = (
				0A151EBE31227859A95D5594 /* 📦 Check Pods Manifest.lock */,
				6852B0971D87D5DE00B68763 /* Sources */,
				6852B0981D87D5DE00B68763 /* Frameworks */,
				6852B0991D87D5DE00B68763 /* Resources */,
				62C15A13EDBB73CF65EAD7F2 /* 📦 Embed Pods Frameworks */,
				DA1434A587E40A2071693FEE /* 📦 Copy Pods Resources */,
			);
			buildRules = (
			);
			dependencies = (
			);
			name = AppChat;
			productName = AppChat;
			productReference = 6852B09B1D87D5DE00B68763 /* AppChat.app */;
			productType = "com.apple.product-type.application";
		};
		6852B0B31D87D5DE00B68763 /* AppChatTests */ = {
			isa = PBXNativeTarget;
			buildConfigurationList = 6852B0CB1D87D5DE00B68763 /* Build configuration list for PBXNativeTarget "AppChatTests" */;
			buildPhases = (
				6852B0B01D87D5DE00B68763 /* Sources */,
				6852B0B11D87D5DE00B68763 /* Frameworks */,
				6852B0B21D87D5DE00B68763 /* Resources */,
			);
			buildRules = (
			);
			dependencies = (
				6852B0B61D87D5DE00B68763 /* PBXTargetDependency */,
			);
			name = AppChatTests;
			productName = AppChatTests;
			productReference = 6852B0B41D87D5DE00B68763 /* AppChatTests.xctest */;
			productType = "com.apple.product-type.bundle.unit-test";
		};
		6852B0BE1D87D5DE00B68763 /* AppChatUITests */ = {
			isa = PBXNativeTarget;
			buildConfigurationList = 6852B0CE1D87D5DE00B68763 /* Build configuration list for PBXNativeTarget "AppChatUITests" */;
			buildPhases = (
				6852B0BB1D87D5DE00B68763 /* Sources */,
				6852B0BC1D87D5DE00B68763 /* Frameworks */,
				6852B0BD1D87D5DE00B68763 /* Resources */,
			);
			buildRules = (
			);
			dependencies = (
				6852B0C11D87D5DE00B68763 /* PBXTargetDependency */,
			);
			name = AppChatUITests;
			productName = AppChatUITests;
			productReference = 6852B0BF1D87D5DE00B68763 /* AppChatUITests.xctest */;
			productType = "com.apple.product-type.bundle.ui-testing";
		};
/* End PBXNativeTarget section */

/* Begin PBXProject section */
		6852B0931D87D5DE00B68763 /* Project object */ = {
			isa = PBXProject;
			attributes = {
				LastUpgradeCheck = 0730;
				ORGANIZATIONNAME = hungpham;
				TargetAttributes = {
					6852B09A1D87D5DE00B68763 = {
						CreatedOnToolsVersion = 7.3.1;
					};
					6852B0B31D87D5DE00B68763 = {
						CreatedOnToolsVersion = 7.3.1;
						TestTargetID = 6852B09A1D87D5DE00B68763;
					};
					6852B0BE1D87D5DE00B68763 = {
						CreatedOnToolsVersion = 7.3.1;
						TestTargetID = 6852B09A1D87D5DE00B68763;
					};
				};
			};
			buildConfigurationList = 6852B0961D87D5DE00B68763 /* Build configuration list for PBXProject "AppChat" */;
			compatibilityVersion = "Xcode 3.2";
			developmentRegion = English;
			hasScannedForEncodings = 0;
			knownRegions = (
				en,
				Base,
			);
			mainGroup = 6852B0921D87D5DE00B68763;
			productRefGroup = 6852B09C1D87D5DE00B68763 /* Products */;
			projectDirPath = "";
			projectRoot = "";
			targets = (
				6852B09A1D87D5DE00B68763 /* AppChat */,
				6852B0B31D87D5DE00B68763 /* AppChatTests */,
				6852B0BE1D87D5DE00B68763 /* AppChatUITests */,
			);
		};
/* End PBXProject section */

/* Begin PBXResourcesBuildPhase section */
		6852B0991D87D5DE00B68763 /* Resources */ = {
			isa = PBXResourcesBuildPhase;
			buildActionMask = 2147483647;
			files = (
				6852B0AE1D87D5DE00B68763 /* LaunchScreen.storyboard in Resources */,
				CAF28ACA1D8A897000B76E8A /* activityView.xib in Resources */,
				6852B0AB1D87D5DE00B68763 /* Assets.xcassets in Resources */,
				6852B0A91D87D5DE00B68763 /* Main.storyboard in Resources */,
			);
			runOnlyForDeploymentPostprocessing = 0;
		};
		6852B0B21D87D5DE00B68763 /* Resources */ = {
			isa = PBXResourcesBuildPhase;
			buildActionMask = 2147483647;
			files = (
			);
			runOnlyForDeploymentPostprocessing = 0;
		};
		6852B0BD1D87D5DE00B68763 /* Resources */ = {
			isa = PBXResourcesBuildPhase;
			buildActionMask = 2147483647;
			files = (
			);
			runOnlyForDeploymentPostprocessing = 0;
		};
/* End PBXResourcesBuildPhase section */

/* Begin PBXShellScriptBuildPhase section */
		0A151EBE31227859A95D5594 /* 📦 Check Pods Manifest.lock */ = {
			isa = PBXShellScriptBuildPhase;
			buildActionMask = 2147483647;
			files = (
			);
			inputPaths = (
			);
			name = "📦 Check Pods Manifest.lock";
			outputPaths = (
			);
			runOnlyForDeploymentPostprocessing = 0;
			shellPath = /bin/sh;
			shellScript = "diff \"${PODS_ROOT}/../Podfile.lock\" \"${PODS_ROOT}/Manifest.lock\" > /dev/null\nif [[ $? != 0 ]] ; then\n    cat << EOM\nerror: The sandbox is not in sync with the Podfile.lock. Run 'pod install' or update your CocoaPods installation.\nEOM\n    exit 1\nfi\n";
			showEnvVarsInLog = 0;
		};
		62C15A13EDBB73CF65EAD7F2 /* 📦 Embed Pods Frameworks */ = {
			isa = PBXShellScriptBuildPhase;
			buildActionMask = 2147483647;
			files = (
			);
			inputPaths = (
			);
			name = "📦 Embed Pods Frameworks";
			outputPaths = (
			);
			runOnlyForDeploymentPostprocessing = 0;
			shellPath = /bin/sh;
			shellScript = "\"${SRCROOT}/Pods/Target Support Files/Pods-AppChat/Pods-AppChat-frameworks.sh\"\n";
			showEnvVarsInLog = 0;
		};
		DA1434A587E40A2071693FEE /* 📦 Copy Pods Resources */ = {
			isa = PBXShellScriptBuildPhase;
			buildActionMask = 2147483647;
			files = (
			);
			inputPaths = (
			);
			name = "📦 Copy Pods Resources";
			outputPaths = (
			);
			runOnlyForDeploymentPostprocessing = 0;
			shellPath = /bin/sh;
			shellScript = "\"${SRCROOT}/Pods/Target Support Files/Pods-AppChat/Pods-AppChat-resources.sh\"\n";
			showEnvVarsInLog = 0;
		};
/* End PBXShellScriptBuildPhase section */

/* Begin PBXSourcesBuildPhase section */
		6852B0971D87D5DE00B68763 /* Sources */ = {
			isa = PBXSourcesBuildPhase;
			buildActionMask = 2147483647;
			files = (
				CAED0B421D8A45E500C553B6 /* RoomDto.m in Sources */,
				6852B0A61D87D5DE00B68763 /* ViewController.m in Sources */,
				CA1F7F981D8BC5F200E95EE6 /* RoomListVC.m in Sources */,
				CA1F7F9C1D8BCC2800E95EE6 /* RoomLeftCell.m in Sources */,
				CAF28AC11D8A7A5800B76E8A /* LoginVC.m in Sources */,
				CA22DCBE1D88586000D6F7C0 /* LoginDto.m in Sources */,
				CA22DCC11D88586B00D6F7C0 /* SignDto.m in Sources */,
				6852B0A31D87D5DE00B68763 /* AppDelegate.m in Sources */,
				CA22DCC41D88587600D6F7C0 /* UserDto.m in Sources */,
				CAF28AC51D8A7A7F00B76E8A /* RegisterVC.m in Sources */,
				CAEF5FCD1D8A9B5D001E51C0 /* RegisterFinishVC.m in Sources */,
				CAF28ACB1D8A897000B76E8A /* activityViewController.m in Sources */,
				CA22DCC71D88588000D6F7C0 /* API.m in Sources */,
				CA1F7F9F1D8BCC3700E95EE6 /* RoomRightCell.m in Sources */,
				6852B0A01D87D5DE00B68763 /* main.m in Sources */,
			);
			runOnlyForDeploymentPostprocessing = 0;
		};
		6852B0B01D87D5DE00B68763 /* Sources */ = {
			isa = PBXSourcesBuildPhase;
			buildActionMask = 2147483647;
			files = (
				6852B0B91D87D5DE00B68763 /* AppChatTests.m in Sources */,
			);
			runOnlyForDeploymentPostprocessing = 0;
		};
		6852B0BB1D87D5DE00B68763 /* Sources */ = {
			isa = PBXSourcesBuildPhase;
			buildActionMask = 2147483647;
			files = (
				6852B0C41D87D5DE00B68763 /* AppChatUITests.m in Sources */,
			);
			runOnlyForDeploymentPostprocessing = 0;
		};
/* End PBXSourcesBuildPhase section */

/* Begin PBXTargetDependency section */
		6852B0B61D87D5DE00B68763 /* PBXTargetDependency */ = {
			isa = PBXTargetDependency;
			target = 6852B09A1D87D5DE00B68763 /* AppChat */;
			targetProxy = 6852B0B51D87D5DE00B68763 /* PBXContainerItemProxy */;
		};
		6852B0C11D87D5DE00B68763 /* PBXTargetDependency */ = {
			isa = PBXTargetDependency;
			target = 6852B09A1D87D5DE00B68763 /* AppChat */;
			targetProxy = 6852B0C01D87D5DE00B68763 /* PBXContainerItemProxy */;
		};
/* End PBXTargetDependency section */

/* Begin PBXVariantGroup section */
		6852B0A71D87D5DE00B68763 /* Main.storyboard */ = {
			isa = PBXVariantGroup;
			children = (
				6852B0A81D87D5DE00B68763 /* Base */,
			);
			name = Main.storyboard;
			path = ../AppChat;
			sourceTree = "<group>";
		};
		6852B0AC1D87D5DE00B68763 /* LaunchScreen.storyboard */ = {
			isa = PBXVariantGroup;
			children = (
				6852B0AD1D87D5DE00B68763 /* Base */,
			);
			name = LaunchScreen.storyboard;
			path = ../AppChat;
			sourceTree = "<group>";
		};
/* End PBXVariantGroup section */

/* Begin XCBuildConfiguration section */
		6852B0C61D87D5DE00B68763 /* Debug */ = {
			isa = XCBuildConfiguration;
			buildSettings = {
				ALWAYS_SEARCH_USER_PATHS = NO;
				CLANG_ANALYZER_NONNULL = YES;
				CLANG_CXX_LANGUAGE_STANDARD = "gnu++0x";
				CLANG_CXX_LIBRARY = "libc++";
				CLANG_ENABLE_MODULES = YES;
				CLANG_ENABLE_OBJC_ARC = YES;
				CLANG_WARN_BOOL_CONVERSION = YES;
				CLANG_WARN_CONSTANT_CONVERSION = YES;
				CLANG_WARN_DIRECT_OBJC_ISA_USAGE = YES_ERROR;
				CLANG_WARN_EMPTY_BODY = YES;
				CLANG_WARN_ENUM_CONVERSION = YES;
				CLANG_WARN_INT_CONVERSION = YES;
				CLANG_WARN_OBJC_ROOT_CLASS = YES_ERROR;
				CLANG_WARN_UNREACHABLE_CODE = YES;
				CLANG_WARN__DUPLICATE_METHOD_MATCH = YES;
				"CODE_SIGN_IDENTITY[sdk=iphoneos*]" = "iPhone Developer";
				COPY_PHASE_STRIP = NO;
				DEBUG_INFORMATION_FORMAT = dwarf;
				ENABLE_STRICT_OBJC_MSGSEND = YES;
				ENABLE_TESTABILITY = YES;
				GCC_C_LANGUAGE_STANDARD = gnu99;
				GCC_DYNAMIC_NO_PIC = NO;
				GCC_NO_COMMON_BLOCKS = YES;
				GCC_OPTIMIZATION_LEVEL = 0;
				GCC_PREPROCESSOR_DEFINITIONS = (
					"DEBUG=1",
					"$(inherited)",
				);
				GCC_WARN_64_TO_32_BIT_CONVERSION = YES;
				GCC_WARN_ABOUT_RETURN_TYPE = YES_ERROR;
				GCC_WARN_UNDECLARED_SELECTOR = YES;
				GCC_WARN_UNINITIALIZED_AUTOS = YES_AGGRESSIVE;
				GCC_WARN_UNUSED_FUNCTION = YES;
				GCC_WARN_UNUSED_VARIABLE = YES;
				IPHONEOS_DEPLOYMENT_TARGET = 9.3;
				MTL_ENABLE_DEBUG_INFO = YES;
				ONLY_ACTIVE_ARCH = YES;
				SDKROOT = iphoneos;
				TARGETED_DEVICE_FAMILY = "1,2";
			};
			name = Debug;
		};
		6852B0C71D87D5DE00B68763 /* Release */ = {
			isa = XCBuildConfiguration;
			buildSettings = {
				ALWAYS_SEARCH_USER_PATHS = NO;
				CLANG_ANALYZER_NONNULL = YES;
				CLANG_CXX_LANGUAGE_STANDARD = "gnu++0x";
				CLANG_CXX_LIBRARY = "libc++";
				CLANG_ENABLE_MODULES = YES;
				CLANG_ENABLE_OBJC_ARC = YES;
				CLANG_WARN_BOOL_CONVERSION = YES;
				CLANG_WARN_CONSTANT_CONVERSION = YES;
				CLANG_WARN_DIRECT_OBJC_ISA_USAGE = YES_ERROR;
				CLANG_WARN_EMPTY_BODY = YES;
				CLANG_WARN_ENUM_CONVERSION = YES;
				CLANG_WARN_INT_CONVERSION = YES;
				CLANG_WARN_OBJC_ROOT_CLASS = YES_ERROR;
				CLANG_WARN_UNREACHABLE_CODE = YES;
				CLANG_WARN__DUPLICATE_METHOD_MATCH = YES;
				"CODE_SIGN_IDENTITY[sdk=iphoneos*]" = "iPhone Developer";
				COPY_PHASE_STRIP = NO;
				DEBUG_INFORMATION_FORMAT = "dwarf-with-dsym";
				ENABLE_NS_ASSERTIONS = NO;
				ENABLE_STRICT_OBJC_MSGSEND = YES;
				GCC_C_LANGUAGE_STANDARD = gnu99;
				GCC_NO_COMMON_BLOCKS = YES;
				GCC_WARN_64_TO_32_BIT_CONVERSION = YES;
				GCC_WARN_ABOUT_RETURN_TYPE = YES_ERROR;
				GCC_WARN_UNDECLARED_SELECTOR = YES;
				GCC_WARN_UNINITIALIZED_AUTOS = YES_AGGRESSIVE;
				GCC_WARN_UNUSED_FUNCTION = YES;
				GCC_WARN_UNUSED_VARIABLE = YES;
				IPHONEOS_DEPLOYMENT_TARGET = 9.3;
				MTL_ENABLE_DEBUG_INFO = NO;
				SDKROOT = iphoneos;
				TARGETED_DEVICE_FAMILY = "1,2";
				VALIDATE_PRODUCT = YES;
			};
			name = Release;
		};
		6852B0C91D87D5DE00B68763 /* Debug */ = {
			isa = XCBuildConfiguration;
			baseConfigurationReference = 5ABC0129351A78D62263C624 /* Pods-AppChat.debug.xcconfig */;
			buildSettings = {
				ASSETCATALOG_COMPILER_APPICON_NAME = AppIcon;
				INFOPLIST_FILE = AppChat/Info.plist;
				LD_RUNPATH_SEARCH_PATHS = "$(inherited) @executable_path/Frameworks";
				PRODUCT_BUNDLE_IDENTIFIER = com.hungpham.AppChat;
				PRODUCT_NAME = "$(TARGET_NAME)";
			};
			name = Debug;
		};
		6852B0CA1D87D5DE00B68763 /* Release */ = {
			isa = XCBuildConfiguration;
			baseConfigurationReference = 544D313EBB96CC1C108D8DBD /* Pods-AppChat.release.xcconfig */;
			buildSettings = {
				ASSETCATALOG_COMPILER_APPICON_NAME = AppIcon;
				INFOPLIST_FILE = AppChat/Info.plist;
				LD_RUNPATH_SEARCH_PATHS = "$(inherited) @executable_path/Frameworks";
				PRODUCT_BUNDLE_IDENTIFIER = com.hungpham.AppChat;
				PRODUCT_NAME = "$(TARGET_NAME)";
			};
			name = Release;
		};
		6852B0CC1D87D5DE00B68763 /* Debug */ = {
			isa = XCBuildConfiguration;
			buildSettings = {
				BUNDLE_LOADER = "$(TEST_HOST)";
				INFOPLIST_FILE = AppChatTests/Info.plist;
				LD_RUNPATH_SEARCH_PATHS = "$(inherited) @executable_path/Frameworks @loader_path/Frameworks";
				PRODUCT_BUNDLE_IDENTIFIER = com.hungpham.AppChatTests;
				PRODUCT_NAME = "$(TARGET_NAME)";
				TEST_HOST = "$(BUILT_PRODUCTS_DIR)/AppChat.app/AppChat";
			};
			name = Debug;
		};
		6852B0CD1D87D5DE00B68763 /* Release */ = {
			isa = XCBuildConfiguration;
			buildSettings = {
				BUNDLE_LOADER = "$(TEST_HOST)";
				INFOPLIST_FILE = AppChatTests/Info.plist;
				LD_RUNPATH_SEARCH_PATHS = "$(inherited) @executable_path/Frameworks @loader_path/Frameworks";
				PRODUCT_BUNDLE_IDENTIFIER = com.hungpham.AppChatTests;
				PRODUCT_NAME = "$(TARGET_NAME)";
				TEST_HOST = "$(BUILT_PRODUCTS_DIR)/AppChat.app/AppChat";
			};
			name = Release;
		};
		6852B0CF1D87D5DE00B68763 /* Debug */ = {
			isa = XCBuildConfiguration;
			buildSettings = {
				INFOPLIST_FILE = AppChatUITests/Info.plist;
				LD_RUNPATH_SEARCH_PATHS = "$(inherited) @executable_path/Frameworks @loader_path/Frameworks";
				PRODUCT_BUNDLE_IDENTIFIER = com.hungpham.AppChatUITests;
				PRODUCT_NAME = "$(TARGET_NAME)";
				TEST_TARGET_NAME = AppChat;
			};
			name = Debug;
		};
		6852B0D01D87D5DE00B68763 /* Release */ = {
			isa = XCBuildConfiguration;
			buildSettings = {
				INFOPLIST_FILE = AppChatUITests/Info.plist;
				LD_RUNPATH_SEARCH_PATHS = "$(inherited) @executable_path/Frameworks @loader_path/Frameworks";
				PRODUCT_BUNDLE_IDENTIFIER = com.hungpham.AppChatUITests;
				PRODUCT_NAME = "$(TARGET_NAME)";
				TEST_TARGET_NAME = AppChat;
			};
			name = Release;
		};
/* End XCBuildConfiguration section */

/* Begin XCConfigurationList section */
		6852B0961D87D5DE00B68763 /* Build configuration list for PBXProject "AppChat" */ = {
			isa = XCConfigurationList;
			buildConfigurations = (
				6852B0C61D87D5DE00B68763 /* Debug */,
				6852B0C71D87D5DE00B68763 /* Release */,
			);
			defaultConfigurationIsVisible = 0;
			defaultConfigurationName = Release;
		};
		6852B0C81D87D5DE00B68763 /* Build configuration list for PBXNativeTarget "AppChat" */ = {
			isa = XCConfigurationList;
			buildConfigurations = (
				6852B0C91D87D5DE00B68763 /* Debug */,
				6852B0CA1D87D5DE00B68763 /* Release */,
			);
			defaultConfigurationIsVisible = 0;
			defaultConfigurationName = Release;
		};
		6852B0CB1D87D5DE00B68763 /* Build configuration list for PBXNativeTarget "AppChatTests" */ = {
			isa = XCConfigurationList;
			buildConfigurations = (
				6852B0CC1D87D5DE00B68763 /* Debug */,
				6852B0CD1D87D5DE00B68763 /* Release */,
			);
			defaultConfigurationIsVisible = 0;
			defaultConfigurationName = Release;
		};
		6852B0CE1D87D5DE00B68763 /* Build configuration list for PBXNativeTarget "AppChatUITests" */ = {
			isa = XCConfigurationList;
			buildConfigurations = (
				6852B0CF1D87D5DE00B68763 /* Debug */,
				6852B0D01D87D5DE00B68763 /* Release */,
			);
			defaultConfigurationIsVisible = 0;
			defaultConfigurationName = Release;
		};
/* End XCConfigurationList section */
	};
	rootObject = 6852B0931D87D5DE00B68763 /* Project object */;
}
